{
  "name": "bookstore-frontend",
  "version": "0.1.0",
  "lockfileVersion": 2,
  "dependencies": {
    "@heroicons/react": {
      "version": "2.1.5",
      "resolved": "https://registry.npmjs.org/@heroicons/react/-/react-2.1.5.tgz",
      "integrity": "sha512-QDF5lEKH6Kp6WxZlR6w7EmNzks+Q33+0HtnXZp0e9YfwzxDjN59H5zpFCkIHlF5XjlqrghzBh3is7lfei1aRIg==",
      "dev": true
    },
    "@reduxjs/toolkit": {
      "version": "1.9.7",
      "resolved": "https://registry.npmjs.org/@reduxjs/toolkit/-/toolkit-1.9.7.tgz",
      "integrity": "sha512-VxZv1RoFZ7EEShIrwDNZ9SDBpU32Fg2Qz3LZ5Rk8Pgl9Y5l5tG8GVVdkpz+eB5E1w+yUpadOXu8eD6mFyf14UQ==",
      "dev": true
    },
    "@testing-library/jest-dom": {
      "version": "5.17.0",
      "resolved": "https://registry.npmjs.org/@testing-library/jest-dom/-/jest-dom-5.17.0.tgz",
      "integrity": "sha512-kDhtn1Vt0C5a5z/Bh5fqNihH0bSxu/Xnlz3t6/TkAYaYb5m0k51vq5yW8zyFb0gDN7cDgAKftvlftTtHK7WlHg==",
      "dev": true
    },
    "@testing-library/react": {
      "version": "13.4.0",
      "resolved": "https://registry.npmjs.org/@testing-library/react/-/react-13.4.0.tgz",
      "integrity": "sha512-qHtNxfgz+a97VEpm7uf1djIKPQeA9vZG0ohQxAHzcX7HtBOlgdEgr6k5B6e8yIuM3Tj9E4H7sXce5hSuj6QZLw==",
      "dev": true
    },
    "@testing-library/user-event": {
      "version": "14.5.2",
      "resolved": "https://registry.npmjs.org/@testing-library/user-event/-/user-event-14.5.2.tgz",
      "integrity": "sha512-hyT9HO5v5C8lzRGe+0X9bLRaP0u5OKymn3eqMwBpJTA9DpEKxuSfozCPOE+DCc3+2u2kFuGqPVZzPtjfJ4F6ew==",
      "dev": true
    },
    "axios": {
      "version": "1.7.7",
      "resolved": "https://registry.npmjs.org/axios/-/axios-1.7.7.tgz",
      "integrity": "sha512-MlzY9ecGgM/3lk62rNdoAKi0N5bhEgfApqV7s2rVeHfKybFjp9xGpdZj4xtrwIbPgl3RJxlZmfmBYuwJS6gq61A=="
    },
    "react": {
      "version": "18.3.1",
      "resolved": "https://registry.npmjs.org/react/-/react-18.3.1.tgz",
      "integrity": "sha512-fpndhchCH91v7Bv1ua7wqJpkxd3h8XkVpD7Fd6GTJkpXUpmeBsWJ0fpRWhpwV1nZKmN5T0bbXzk+b6gHsqe8Wg=="
    },
    "react-dom": {
      "version": "18.3.1",
      "resolved": "https://registry.npmjs.org/react-dom/-/react-dom-18.3.1.tgz",
      "integrity": "sha512-KdZHURRYZs6zTYIap9lzxyT/qXvnM2w9x7d1H6MRkbk6CjAkFx5o2Rg74tsoemOanPfmTUMjjiXgZLOVrq5xyQ=="
    },
    "react-redux": {
      "version": "8.1.3",
      "resolved": "https://registry.npmjs.org/react-redux/-/react-redux-8.1.3.tgz",
      "integrity": "sha512-06UsAkJkZwovcIQmGeI4x5zLg1l5w7dtlgA7J8xst6L5yflAqkm7W5t/0cnwCoaXyyz72e0s1hxy0H+TwgKn3w=="
    },
    "react-router-dom": {
      "version": "6.28.0",
      "resolved": "https://registry.npmjs.org/react-router-dom/-/react-router-dom-6.28.0.tgz",
      "integrity": "sha512-9ATNO8WghhjZTne5i4C0RQcsYP0UjI5kZ7eqkYo3kG8xt7+T9eKDRzI4IZdFqEAMNC8p/9+cNrVVqEzphX64Vg=="
    },
    "react-scripts": {
      "version": "5.0.1",
      "resolved": "https://registry.npmjs.org/react-scripts/-/react-scripts-5.0.1.tgz",
      "integrity": "sha512-wm+xk7avkIhX9PczYFvYZ7zZTzseUVYFk6Tts94il89Za6lPaGstzFnchQTgXcKSK5l+HDBU7bmLl/TtTl2Mjw=="
    },
    "web-vitals": {
      "version": "2.1.4",
      "resolved": "https://registry.npmjs.org/web-vitals/-/web-vitals-2.1.4.tgz",
      "integrity": "sha512-BO+dQBB1LUx5e8Z6MIk6lMv7VOS3PpwmbZ5zrfP6t0p4KvsfhVvLTHli6M2hdV0gktjMLaF+MLw+0S6Nz+WRXA=="
    }
  },
  "devDependencies": {},
  "engines": {
    "node": ">=10.13.0"
  }
}
